Microsoft Visual Studio Solution File, Format Version 12.00
# Visual Studio Version 16
VisualStudioVersion = 16.0.0.0
MinimumVisualStudioVersion = 16.0.0.0
Project("{9A19103F-16F7-4668-BE54-9A1E7A4F7556}") = "blazor.Server", "Server\blazor.Server.csproj", "{9908ED42-8BC6-42C9-955C-037D8BC1D6C2}"
EndProject
Project("{9A19103F-16F7-4668-BE54-9A1E7A4F7556}") = "blazor.Client", "Client\blazor.Client.csproj", "{3B7E04DF-E611-4850-9CE0-BB9591B86E0E}"
EndProject
Project("{9A19103F-16F7-4668-BE54-9A1E7A4F7556}") = "blazor.Shared", "Shared\blazor.Shared.csproj", "{AC336527-E786-4914-B9E5-F317B00AD243}"
EndProject
Global
	GlobalSection(SolutionConfigurationPlatforms) = preSolution
		Debug|Any CPU = Debug|Any CPU
		Debug|x64 = Debug|x64
		Debug|x86 = Debug|x86
		Release|Any CPU = Release|Any CPU
		Release|x64 = Release|x64
		Release|x86 = Release|x86
	EndGlobalSection
	GlobalSection(ProjectConfigurationPlatforms) = postSolution
		{3B7E04DF-E611-4850-9CE0-BB9591B86E0E}.Debug|Any CPU.ActiveCfg = Debug|Any CPU
		{3B7E04DF-E611-4850-9CE0-BB9591B86E0E}.Debug|Any CPU.Build.0 = Debug|Any CPU
		{3B7E04DF-E611-4850-9CE0-BB9591B86E0E}.Debug|x64.ActiveCfg = Debug|Any CPU
		{3B7E04DF-E611-4850-9CE0-BB9591B86E0E}.Debug|x64.Build.0 = Debug|Any CPU
		{3B7E04DF-E611-4850-9CE0-BB9591B86E0E}.Debug|x86.ActiveCfg = Debug|Any CPU
		{3B7E04DF-E611-4850-9CE0-BB9591B86E0E}.Debug|x86.Build.0 = Debug|Any CPU
		{3B7E04DF-E611-4850-9CE0-BB9591B86E0E}.Release|Any CPU.ActiveCfg = Release|Any CPU
		{3B7E04DF-E611-4850-9CE0-BB9591B86E0E}.Release|Any CPU.Build.0 = Release|Any CPU
		{3B7E04DF-E611-4850-9CE0-BB9591B86E0E}.Release|x64.ActiveCfg = Release|Any CPU
		{3B7E04DF-E611-4850-9CE0-BB9591B86E0E}.Release|x64.Build.0 = Release|Any CPU
		{3B7E04DF-E611-4850-9CE0-BB9591B86E0E}.Release|x86.ActiveCfg = Release|Any CPU
		{3B7E04DF-E611-4850-9CE0-BB9591B86E0E}.Release|x86.Build.0 = Release|Any CPU
		{9908ED42-8BC6-42C9-955C-037D8BC1D6C2}.Debug|Any CPU.ActiveCfg = Debug|Any CPU
		{9908ED42-8BC6-42C9-955C-037D8BC1D6C2}.Debug|Any CPU.Build.0 = Debug|Any CPU
		{9908ED42-8BC6-42C9-955C-037D8BC1D6C2}.Debug|x64.ActiveCfg = Debug|Any CPU
		{9908ED42-8BC6-42C9-955C-037D8BC1D6C2}.Debug|x64.Build.0 = Debug|Any CPU
		{9908ED42-8BC6-42C9-955C-037D8BC1D6C2}.Debug|x86.ActiveCfg = Debug|Any CPU
		{9908ED42-8BC6-42C9-955C-037D8BC1D6C2}.Debug|x86.Build.0 = Debug|Any CPU
		{9908ED42-8BC6-42C9-955C-037D8BC1D6C2}.Release|Any CPU.ActiveCfg = Release|Any CPU
		{9908ED42-8BC6-42C9-955C-037D8BC1D6C2}.Release|Any CPU.Build.0 = Release|Any CPU
		{9908ED42-8BC6-42C9-955C-037D8BC1D6C2}.Release|x64.ActiveCfg = Release|Any CPU
		{9908ED42-8BC6-42C9-955C-037D8BC1D6C2}.Release|x64.Build.0 = Release|Any CPU
		{9908ED42-8BC6-42C9-955C-037D8BC1D6C2}.Release|x86.ActiveCfg = Release|Any CPU
		{9908ED42-8BC6-42C9-955C-037D8BC1D6C2}.Release|x86.Build.0 = Release|Any CPU
		{AC336527-E786-4914-B9E5-F317B00AD243}.Debug|Any CPU.ActiveCfg = Debug|Any CPU
		{AC336527-E786-4914-B9E5-F317B00AD243}.Debug|Any CPU.Build.0 = Debug|Any CPU
		{AC336527-E786-4914-B9E5-F317B00AD243}.Debug|x64.ActiveCfg = Debug|Any CPU
		{AC336527-E786-4914-B9E5-F317B00AD243}.Debug|x64.Build.0 = Debug|Any CPU
		{AC336527-E786-4914-B9E5-F317B00AD243}.Debug|x86.ActiveCfg = Debug|Any CPU
		{AC336527-E786-4914-B9E5-F317B00AD243}.Debug|x86.Build.0 = Debug|Any CPU
		{AC336527-E786-4914-B9E5-F317B00AD243}.Release|Any CPU.ActiveCfg = Release|Any CPU
		{AC336527-E786-4914-B9E5-F317B00AD243}.Release|Any CPU.Build.0 = Release|Any CPU
		{AC336527-E786-4914-B9E5-F317B00AD243}.Release|x64.ActiveCfg = Release|Any CPU
		{AC336527-E786-4914-B9E5-F317B00AD243}.Release|x64.Build.0 = Release|Any CPU
		{AC336527-E786-4914-B9E5-F317B00AD243}.Release|x86.ActiveCfg = Release|Any CPU
		{AC336527-E786-4914-B9E5-F317B00AD243}.Release|x86.Build.0 = Release|Any CPU
	EndGlobalSection
	GlobalSection(SolutionProperties) = preSolution
		HideSolutionNode = FALSE
	EndGlobalSection
	GlobalSection(ExtensibilityGlobals) = postSolution
		SolutionGuid = {977C5B2A-3498-4CAC-B7DF-C11A76B94E9E}
	EndGlobalSection
EndGlobal